
Microsoft Visual Studio Solution File, Format Version 12.00
# Visual Studio Version 16
VisualStudioVersion = 16.0.31424.327
MinimumVisualStudioVersion = 10.0.40219.1
Project("{FAE04EC0-301F-11D3-BF4B-00C04F79EFBC}") = "WebApiRest", "WebApiRest\WebApiRest.csproj", "{706105CE-40DD-4E88-9F85-7557DFFFD295}"
EndProject
Global
	GlobalSection(SolutionConfigurationPlatforms) = preSolution
		Debug|Any CPU = Debug|Any CPU
		Release|Any CPU = Release|Any CPU
	EndGlobalSection
	GlobalSection(ProjectConfigurationPlatforms) = postSolution
		{706105CE-40DD-4E88-9F85-7557DFFFD295}.Debug|Any CPU.ActiveCfg = Debug|Any CPU
		{706105CE-40DD-4E88-9F85-7557DFFFD295}.Debug|Any CPU.Build.0 = Debug|Any CPU
		{706105CE-40DD-4E88-9F85-7557DFFFD295}.Release|Any CPU.ActiveCfg = Release|Any CPU
		{706105CE-40DD-4E88-9F85-7557DFFFD295}.Release|Any CPU.Build.0 = Release|Any CPU
	EndGlobalSection
	GlobalSection(SolutionProperties) = preSolution
		HideSolutionNode = FALSE
	EndGlobalSection
	GlobalSection(ExtensibilityGlobals) = postSolution
		SolutionGuid = {4E37F75D-A515-4974-8916-AF9325F987F7}
	EndGlobalSection
EndGlobal
